<?xml version="1.0" encoding="UTF-8"?>
<Scheme
   LastUpgradeVersion = "0620"
   version = "1.7">
   <BuildAction
      parallelizeBuildables = "YES"
      buildImplicitDependencies = "YES">
   </BuildAction>
   <TestAction
      buildConfiguration = "Debug"
      selectedDebuggerIdentifier = "Xcode.DebuggerFoundation.Debugger.LLDB"
      selectedLauncherIdentifier = "Xcode.DebuggerFoundation.Launcher.LLDB"
      shouldUseLaunchSchemeArgsEnv = "YES">
      <Testables>
      </Testables>
      <AdditionalOptions>
      </AdditionalOptions>
   </TestAction>
   <LaunchAction
      buildConfiguration = "Debug"
      selectedDebuggerIdentifier = "Xcode.DebuggerFoundation.Debugger.LLDB"
      selectedLauncherIdentifier = "Xcode.DebuggerFoundation.Launcher.LLDB"
      launchStyle = "0"
      useCustomWorkingDirectory = "YES"
      customWorkingDirectory = "/Users/kuma/Desktop/myProjects/linux_server"
      ignoresPersistentStateOnLaunch = "NO"
      debugDocumentVersioning = "YES"
      debugServiceExtension = "internal"
      allowLocationSimulation = "YES">
      <PathRunnable
         runnableDebuggingMode = "0"
         FilePath = "/Users/kuma/Desktop/myProjects/linux_server/build/server">
      </PathRunnable>
      <AdditionalOptions>
         <AdditionalOption
            key = "MallocStackLogging"
            value = ""
            isEnabled = "YES">
         </AdditionalOption>
         <AdditionalOption
            key = "DYLD_INSERT_LIBRARIES"
            value = "/usr/lib/libgmalloc.dylib"
            isEnabled = "YES">
         </AdditionalOption>
         <AdditionalOption
            key = "MallocScribble"
            value = ""
            isEnabled = "YES">
         </AdditionalOption>
      </AdditionalOptions>
      <LocationScenarioReference
         identifier = "com.apple.dt.IDEFoundation.CurrentLocationScenarioIdentifier"
         referenceType = "1">
      </LocationScenarioReference>
   </LaunchAction>
   <ProfileAction
      buildConfiguration = "Release"
      shouldUseLaunchSchemeArgsEnv = "YES"
      savedToolIdentifier = ""
      useCustomWorkingDirectory = "NO"
      debugDocumentVersioning = "YES">
   </ProfileAction>
   <AnalyzeAction
      buildConfiguration = "Debug">
   </AnalyzeAction>
   <ArchiveAction
      buildConfiguration = "Release"
      revealArchiveInOrganizer = "YES">
   </ArchiveAction>
</Scheme>
